
Microsoft Visual Studio Solution File, Format Version 12.00
# Visual Studio 15
VisualStudioVersion = 15.0.28307.902
MinimumVisualStudioVersion = 10.0.40219.1
Project("{FAE04EC0-301F-11D3-BF4B-00C04F79EFBC}") = "NlogEventLogSample", "NlogEventLogSample\NlogEventLogSample.csproj", "{E63077CB-815C-44CC-863D-55F689BB22EB}"
EndProject
Global
	GlobalSection(SolutionConfigurationPlatforms) = preSolution
		Debug|Any CPU = Debug|Any CPU
		Release|Any CPU = Release|Any CPU
	EndGlobalSection
	GlobalSection(ProjectConfigurationPlatforms) = postSolution
		{E63077CB-815C-44CC-863D-55F689BB22EB}.Debug|Any CPU.ActiveCfg = Debug|Any CPU
		{E63077CB-815C-44CC-863D-55F689BB22EB}.Debug|Any CPU.Build.0 = Debug|Any CPU
		{E63077CB-815C-44CC-863D-55F689BB22EB}.Release|Any CPU.ActiveCfg = Release|Any CPU
		{E63077CB-815C-44CC-863D-55F689BB22EB}.Release|Any CPU.Build.0 = Release|Any CPU
	EndGlobalSection
	GlobalSection(SolutionProperties) = preSolution
		HideSolutionNode = FALSE
	EndGlobalSection
	GlobalSection(ExtensibilityGlobals) = postSolution
		SolutionGuid = {30614607-5D2C-42E4-9547-8E50776F7054}
	EndGlobalSection
EndGlobal
